// !$*UTF8*$!
{
	archiveVersion = 1;
	classes = {
	};
	objectVersion = 55;
	objects = {

/* Begin PBXBuildFile section */
		CB8762FE275E4C5900CC8994 /* AppDelegate.swift in Sources */ = {isa = PBXBuildFile; fileRef = CB8762FD275E4C5900CC8994 /* AppDelegate.swift */; };
		CB876300275E4C5900CC8994 /* SceneDelegate.swift in Sources */ = {isa = PBXBuildFile; fileRef = CB8762FF275E4C5900CC8994 /* SceneDelegate.swift */; };
		CB876307275E4C5C00CC8994 /* Assets.xcassets in Resources */ = {isa = PBXBuildFile; fileRef = CB876306275E4C5C00CC8994 /* Assets.xcassets */; };
		CB87630A275E4C5C00CC8994 /* LaunchScreen.storyboard in Resources */ = {isa = PBXBuildFile; fileRef = CB876308275E4C5C00CC8994 /* LaunchScreen.storyboard */; };
		CB87631E275E4E5B00CC8994 /* StringHightExtension.swift in Sources */ = {isa = PBXBuildFile; fileRef = CB87631D275E4E5B00CC8994 /* StringHightExtension.swift */; };
		CB876323275E4F3700CC8994 /* ViewController.swift in Sources */ = {isa = PBXBuildFile; fileRef = CB876322275E4F3700CC8994 /* ViewController.swift */; };
		CB876326275E4FA800CC8994 /* AppRouter.swift in Sources */ = {isa = PBXBuildFile; fileRef = CB876325275E4FA800CC8994 /* AppRouter.swift */; };
		CB876328275E4FC200CC8994 /* AppViewController.swift in Sources */ = {isa = PBXBuildFile; fileRef = CB876327275E4FC200CC8994 /* AppViewController.swift */; };
		CB87632A275E4FD600CC8994 /* SetupAppRouter.swift in Sources */ = {isa = PBXBuildFile; fileRef = CB876329275E4FD600CC8994 /* SetupAppRouter.swift */; };
		CB876360275E511B00CC8994 /* NetworkService.swift in Sources */ = {isa = PBXBuildFile; fileRef = CB87635C275E511B00CC8994 /* NetworkService.swift */; };
		CB876361275E511B00CC8994 /* LocalService.swift in Sources */ = {isa = PBXBuildFile; fileRef = CB87635D275E511B00CC8994 /* LocalService.swift */; };
		CB876362275E511B00CC8994 /* InformatioDataFetcherService.swift in Sources */ = {isa = PBXBuildFile; fileRef = CB87635E275E511B00CC8994 /* InformatioDataFetcherService.swift */; };
		CB876363275E511B00CC8994 /* DataFetcher.swift in Sources */ = {isa = PBXBuildFile; fileRef = CB87635F275E511B00CC8994 /* DataFetcher.swift */; };
		CBAC6FBD2767AA8B00342297 /* KMInformation.json in Resources */ = {isa = PBXBuildFile; fileRef = CBAC6FB82767AA8B00342297 /* KMInformation.json */; };
		CBAC6FBE2767AA8B00342297 /* KOInformation.json in Resources */ = {isa = PBXBuildFile; fileRef = CBAC6FB92767AA8B00342297 /* KOInformation.json */; };
		CBAC6FBF2767AA8B00342297 /* GetRate.json in Resources */ = {isa = PBXBuildFile; fileRef = CBAC6FBA2767AA8B00342297 /* GetRate.json */; };
		CBAC6FC02767AA8B00342297 /* BTInformation.json in Resources */ = {isa = PBXBuildFile; fileRef = CBAC6FBB2767AA8B00342297 /* BTInformation.json */; };
		CBAC6FC12767AA8B00342297 /* KVCInformation.json in Resources */ = {isa = PBXBuildFile; fileRef = CBAC6FBC2767AA8B00342297 /* KVCInformation.json */; };
		CBAC6FEB2767AAD000342297 /* InformationRatePresenter.swift in Sources */ = {isa = PBXBuildFile; fileRef = CBAC6FC52767AAD000342297 /* InformationRatePresenter.swift */; };
		CBAC6FEC2767AAD000342297 /* CreateViewFromCellsInformationRate.swift in Sources */ = {isa = PBXBuildFile; fileRef = CBAC6FC72767AAD000342297 /* CreateViewFromCellsInformationRate.swift */; };
		CBAC6FED2767AAD000342297 /* CrateInformationRateViewFromCell.swift in Sources */ = {isa = PBXBuildFile; fileRef = CBAC6FC82767AAD000342297 /* CrateInformationRateViewFromCell.swift */; };
		CBAC6FEE2767AAD000342297 /* RateCalculateModel.swift in Sources */ = {isa = PBXBuildFile; fileRef = CBAC6FCA2767AAD000342297 /* RateCalculateModel.swift */; };
		CBAC6FEF2767AAD000342297 /* NoteModel.swift in Sources */ = {isa = PBXBuildFile; fileRef = CBAC6FCB2767AAD000342297 /* NoteModel.swift */; };
		CBAC6FF02767AAD000342297 /* InformationRateModel.swift in Sources */ = {isa = PBXBuildFile; fileRef = CBAC6FCC2767AAD000342297 /* InformationRateModel.swift */; };
		CBAC6FF12767AAD000342297 /* RateModel.swift in Sources */ = {isa = PBXBuildFile; fileRef = CBAC6FCD2767AAD000342297 /* RateModel.swift */; };
		CBAC6FF22767AAD000342297 /* TariffColor.swift in Sources */ = {isa = PBXBuildFile; fileRef = CBAC6FCE2767AAD000342297 /* TariffColor.swift */; };
		CBAC6FF32767AAD000342297 /* RateInforamationRateView.swift in Sources */ = {isa = PBXBuildFile; fileRef = CBAC6FD12767AAD000342297 /* RateInforamationRateView.swift */; };
		CBAC6FF42767AAD000342297 /* ButtonRateCell.swift in Sources */ = {isa = PBXBuildFile; fileRef = CBAC6FD22767AAD000342297 /* ButtonRateCell.swift */; };
		CBAC6FF52767AAD000342297 /* BackButtonInformationRateView.swift in Sources */ = {isa = PBXBuildFile; fileRef = CBAC6FD32767AAD000342297 /* BackButtonInformationRateView.swift */; };
		CBAC6FF62767AAD000342297 /* BulletInformationRateView.swift in Sources */ = {isa = PBXBuildFile; fileRef = CBAC6FD42767AAD000342297 /* BulletInformationRateView.swift */; };
		CBAC6FF92767AAD000342297 /* BalanceInformationRateView.swift in Sources */ = {isa = PBXBuildFile; fileRef = CBAC6FD82767AAD000342297 /* BalanceInformationRateView.swift */; };
		CBAC6FFA2767AAD000342297 /* HeaderSelectButtonInformationRateCell.swift in Sources */ = {isa = PBXBuildFile; fileRef = CBAC6FD92767AAD000342297 /* HeaderSelectButtonInformationRateCell.swift */; };
		CBAC6FFB2767AAD000342297 /* StaticTextInformationRateView.swift in Sources */ = {isa = PBXBuildFile; fileRef = CBAC6FDA2767AAD000342297 /* StaticTextInformationRateView.swift */; };
		CBAC6FFC2767AAD000342297 /* HeaderInformationRateView.swift in Sources */ = {isa = PBXBuildFile; fileRef = CBAC6FDB2767AAD000342297 /* HeaderInformationRateView.swift */; };
		CBAC6FFD2767AAD000342297 /* ViewType.swift in Sources */ = {isa = PBXBuildFile; fileRef = CBAC6FDD2767AAD000342297 /* ViewType.swift */; };
		CBAC6FFE2767AAD000342297 /* CellViewHeaderType.swift in Sources */ = {isa = PBXBuildFile; fileRef = CBAC6FDF2767AAD000342297 /* CellViewHeaderType.swift */; };
		CBAC6FFF2767AAD000342297 /* CellViewType.swift in Sources */ = {isa = PBXBuildFile; fileRef = CBAC6FE02767AAD000342297 /* CellViewType.swift */; };
		CBAC70002767AAD000342297 /* InformationRateTableViewController.swift in Sources */ = {isa = PBXBuildFile; fileRef = CBAC6FE12767AAD000342297 /* InformationRateTableViewController.swift */; };
		CBAC70012767AAD000342297 /* InformationRateInterfaces.swift in Sources */ = {isa = PBXBuildFile; fileRef = CBAC6FE32767AAD000342297 /* InformationRateInterfaces.swift */; };
		CBAC70022767AAD000342297 /* InformationRateInteractor.swift in Sources */ = {isa = PBXBuildFile; fileRef = CBAC6FE52767AAD000342297 /* InformationRateInteractor.swift */; };
		CBAC70032767AAD000342297 /* InformationRateRouter.swift in Sources */ = {isa = PBXBuildFile; fileRef = CBAC6FE72767AAD000342297 /* InformationRateRouter.swift */; };
		CBAC70052767AAD000342297 /* ChooseRateRouter.swift in Sources */ = {isa = PBXBuildFile; fileRef = CBAC6FEA2767AAD000342297 /* ChooseRateRouter.swift */; };
		CBAC70082767AB2500342297 /* CustomProgressBar.swift in Sources */ = {isa = PBXBuildFile; fileRef = CBAC70072767AB2500342297 /* CustomProgressBar.swift */; };
		CBAC700A2767ACCF00342297 /* TariffInformationRateView.swift in Sources */ = {isa = PBXBuildFile; fileRef = CBAC6FD72767AAD000342297 /* TariffInformationRateView.swift */; };
		CBF522CE2767B06800914131 /* TariffCellInfRateView.swift in Sources */ = {isa = PBXBuildFile; fileRef = CBF522CD2767B06800914131 /* TariffCellInfRateView.swift */; };
/* End PBXBuildFile section */

/* Begin PBXFileReference section */
		CB8762FA275E4C5900CC8994 /* InformationViewWithRate.app */ = {isa = PBXFileReference; explicitFileType = wrapper.application; includeInIndex = 0; path = InformationViewWithRate.app; sourceTree = BUILT_PRODUCTS_DIR; };
		CB8762FD275E4C5900CC8994 /* AppDelegate.swift */ = {isa = PBXFileReference; lastKnownFileType = sourcecode.swift; path = AppDelegate.swift; sourceTree = "<group>"; };
		CB8762FF275E4C5900CC8994 /* SceneDelegate.swift */ = {isa = PBXFileReference; lastKnownFileType = sourcecode.swift; path = SceneDelegate.swift; sourceTree = "<group>"; };
		CB876306275E4C5C00CC8994 /* Assets.xcassets */ = {isa = PBXFileReference; lastKnownFileType = folder.assetcatalog; path = Assets.xcassets; sourceTree = "<group>"; };
		CB876309275E4C5C00CC8994 /* Base */ = {isa = PBXFileReference; lastKnownFileType = file.storyboard; name = Base; path = Base.lproj/LaunchScreen.storyboard; sourceTree = "<group>"; };
		CB87630B275E4C5C00CC8994 /* Info.plist */ = {isa = PBXFileReference; lastKnownFileType = text.plist.xml; path = Info.plist; sourceTree = "<group>"; };
		CB876319275E4DAE00CC8994 /* OpenSans-Regular.ttf */ = {isa = PBXFileReference; lastKnownFileType = file; path = "OpenSans-Regular.ttf"; sourceTree = "<group>"; };
		CB87631D275E4E5B00CC8994 /* StringHightExtension.swift */ = {isa = PBXFileReference; lastKnownFileType = sourcecode.swift; path = StringHightExtension.swift; sourceTree = "<group>"; };
		CB876322275E4F3700CC8994 /* ViewController.swift */ = {isa = PBXFileReference; lastKnownFileType = sourcecode.swift; path = ViewController.swift; sourceTree = "<group>"; };
		CB876325275E4FA800CC8994 /* AppRouter.swift */ = {isa = PBXFileReference; lastKnownFileType = sourcecode.swift; path = AppRouter.swift; sourceTree = "<group>"; };
		CB876327275E4FC200CC8994 /* AppViewController.swift */ = {isa = PBXFileReference; lastKnownFileType = sourcecode.swift; path = AppViewController.swift; sourceTree = "<group>"; };
		CB876329275E4FD600CC8994 /* SetupAppRouter.swift */ = {isa = PBXFileReference; lastKnownFileType = sourcecode.swift; path = SetupAppRouter.swift; sourceTree = "<group>"; };
		CB87635C275E511B00CC8994 /* NetworkService.swift */ = {isa = PBXFileReference; fileEncoding = 4; lastKnownFileType = sourcecode.swift; path = NetworkService.swift; sourceTree = "<group>"; };
		CB87635D275E511B00CC8994 /* LocalService.swift */ = {isa = PBXFileReference; fileEncoding = 4; lastKnownFileType = sourcecode.swift; path = LocalService.swift; sourceTree = "<group>"; };
		CB87635E275E511B00CC8994 /* InformatioDataFetcherService.swift */ = {isa = PBXFileReference; fileEncoding = 4; lastKnownFileType = sourcecode.swift; path = InformatioDataFetcherService.swift; sourceTree = "<group>"; };
		CB87635F275E511B00CC8994 /* DataFetcher.swift */ = {isa = PBXFileReference; fileEncoding = 4; lastKnownFileType = sourcecode.swift; path = DataFetcher.swift; sourceTree = "<group>"; };
		CBAC6FB82767AA8B00342297 /* KMInformation.json */ = {isa = PBXFileReference; fileEncoding = 4; lastKnownFileType = text.json; path = KMInformation.json; sourceTree = "<group>"; };
		CBAC6FB92767AA8B00342297 /* KOInformation.json */ = {isa = PBXFileReference; fileEncoding = 4; lastKnownFileType = text.json; path = KOInformation.json; sourceTree = "<group>"; };
		CBAC6FBA2767AA8B00342297 /* GetRate.json */ = {isa = PBXFileReference; fileEncoding = 4; lastKnownFileType = text.json; path = GetRate.json; sourceTree = "<group>"; };
		CBAC6FBB2767AA8B00342297 /* BTInformation.json */ = {isa = PBXFileReference; fileEncoding = 4; lastKnownFileType = text.json; path = BTInformation.json; sourceTree = "<group>"; };
		CBAC6FBC2767AA8B00342297 /* KVCInformation.json */ = {isa = PBXFileReference; fileEncoding = 4; lastKnownFileType = text.json; path = KVCInformation.json; sourceTree = "<group>"; };
		CBAC6FC52767AAD000342297 /* InformationRatePresenter.swift */ = {isa = PBXFileReference; fileEncoding = 4; lastKnownFileType = sourcecode.swift; path = InformationRatePresenter.swift; sourceTree = "<group>"; };
		CBAC6FC72767AAD000342297 /* CreateViewFromCellsInformationRate.swift */ = {isa = PBXFileReference; fileEncoding = 4; lastKnownFileType = sourcecode.swift; path = CreateViewFromCellsInformationRate.swift; sourceTree = "<group>"; };
		CBAC6FC82767AAD000342297 /* CrateInformationRateViewFromCell.swift */ = {isa = PBXFileReference; fileEncoding = 4; lastKnownFileType = sourcecode.swift; path = CrateInformationRateViewFromCell.swift; sourceTree = "<group>"; };
		CBAC6FCA2767AAD000342297 /* RateCalculateModel.swift */ = {isa = PBXFileReference; fileEncoding = 4; lastKnownFileType = sourcecode.swift; path = RateCalculateModel.swift; sourceTree = "<group>"; };
		CBAC6FCB2767AAD000342297 /* NoteModel.swift */ = {isa = PBXFileReference; fileEncoding = 4; lastKnownFileType = sourcecode.swift; path = NoteModel.swift; sourceTree = "<group>"; };
		CBAC6FCC2767AAD000342297 /* InformationRateModel.swift */ = {isa = PBXFileReference; fileEncoding = 4; lastKnownFileType = sourcecode.swift; path = InformationRateModel.swift; sourceTree = "<group>"; };
		CBAC6FCD2767AAD000342297 /* RateModel.swift */ = {isa = PBXFileReference; fileEncoding = 4; lastKnownFileType = sourcecode.swift; path = RateModel.swift; sourceTree = "<group>"; };
		CBAC6FCE2767AAD000342297 /* TariffColor.swift */ = {isa = PBXFileReference; fileEncoding = 4; lastKnownFileType = sourcecode.swift; path = TariffColor.swift; sourceTree = "<group>"; };
		CBAC6FD12767AAD000342297 /* RateInforamationRateView.swift */ = {isa = PBXFileReference; fileEncoding = 4; lastKnownFileType = sourcecode.swift; path = RateInforamationRateView.swift; sourceTree = "<group>"; };
		CBAC6FD22767AAD000342297 /* ButtonRateCell.swift */ = {isa = PBXFileReference; fileEncoding = 4; lastKnownFileType = sourcecode.swift; path = ButtonRateCell.swift; sourceTree = "<group>"; };
		CBAC6FD32767AAD000342297 /* BackButtonInformationRateView.swift */ = {isa = PBXFileReference; fileEncoding = 4; lastKnownFileType = sourcecode.swift; path = BackButtonInformationRateView.swift; sourceTree = "<group>"; };
		CBAC6FD42767AAD000342297 /* BulletInformationRateView.swift */ = {isa = PBXFileReference; fileEncoding = 4; lastKnownFileType = sourcecode.swift; path = BulletInformationRateView.swift; sourceTree = "<group>"; };
		CBAC6FD72767AAD000342297 /* TariffInformationRateView.swift */ = {isa = PBXFileReference; fileEncoding = 4; lastKnownFileType = sourcecode.swift; path = TariffInformationRateView.swift; sourceTree = "<group>"; };
		CBAC6FD82767AAD000342297 /* BalanceInformationRateView.swift */ = {isa = PBXFileReference; fileEncoding = 4; lastKnownFileType = sourcecode.swift; path = BalanceInformationRateView.swift; sourceTree = "<group>"; };
		CBAC6FD92767AAD000342297 /* HeaderSelectButtonInformationRateCell.swift */ = {isa = PBXFileReference; fileEncoding = 4; lastKnownFileType = sourcecode.swift; path = HeaderSelectButtonInformationRateCell.swift; sourceTree = "<group>"; };
		CBAC6FDA2767AAD000342297 /* StaticTextInformationRateView.swift */ = {isa = PBXFileReference; fileEncoding = 4; lastKnownFileType = sourcecode.swift; path = StaticTextInformationRateView.swift; sourceTree = "<group>"; };
		CBAC6FDB2767AAD000342297 /* HeaderInformationRateView.swift */ = {isa = PBXFileReference; fileEncoding = 4; lastKnownFileType = sourcecode.swift; path = HeaderInformationRateView.swift; sourceTree = "<group>"; };
		CBAC6FDD2767AAD000342297 /* ViewType.swift */ = {isa = PBXFileReference; fileEncoding = 4; lastKnownFileType = sourcecode.swift; path = ViewType.swift; sourceTree = "<group>"; };
		CBAC6FDF2767AAD000342297 /* CellViewHeaderType.swift */ = {isa = PBXFileReference; fileEncoding = 4; lastKnownFileType = sourcecode.swift; path = CellViewHeaderType.swift; sourceTree = "<group>"; };
		CBAC6FE02767AAD000342297 /* CellViewType.swift */ = {isa = PBXFileReference; fileEncoding = 4; lastKnownFileType = sourcecode.swift; path = CellViewType.swift; sourceTree = "<group>"; };
		CBAC6FE12767AAD000342297 /* InformationRateTableViewController.swift */ = {isa = PBXFileReference; fileEncoding = 4; lastKnownFileType = sourcecode.swift; path = InformationRateTableViewController.swift; sourceTree = "<group>"; };
		CBAC6FE32767AAD000342297 /* InformationRateInterfaces.swift */ = {isa = PBXFileReference; fileEncoding = 4; lastKnownFileType = sourcecode.swift; path = InformationRateInterfaces.swift; sourceTree = "<group>"; };
		CBAC6FE52767AAD000342297 /* InformationRateInteractor.swift */ = {isa = PBXFileReference; fileEncoding = 4; lastKnownFileType = sourcecode.swift; path = InformationRateInteractor.swift; sourceTree = "<group>"; };
		CBAC6FE72767AAD000342297 /* InformationRateRouter.swift */ = {isa = PBXFileReference; fileEncoding = 4; lastKnownFileType = sourcecode.swift; path = InformationRateRouter.swift; sourceTree = "<group>"; };
		CBAC6FEA2767AAD000342297 /* ChooseRateRouter.swift */ = {isa = PBXFileReference; fileEncoding = 4; lastKnownFileType = sourcecode.swift; path = ChooseRateRouter.swift; sourceTree = "<group>"; };
		CBAC70072767AB2500342297 /* CustomProgressBar.swift */ = {isa = PBXFileReference; fileEncoding = 4; lastKnownFileType = sourcecode.swift; path = CustomProgressBar.swift; sourceTree = "<group>"; };
		CBF522CD2767B06800914131 /* TariffCellInfRateView.swift */ = {isa = PBXFileReference; fileEncoding = 4; lastKnownFileType = sourcecode.swift; path = TariffCellInfRateView.swift; sourceTree = "<group>"; };
/* End PBXFileReference section */

/* Begin PBXFrameworksBuildPhase section */
		CB8762F7275E4C5900CC8994 /* Frameworks */ = {
			isa = PBXFrameworksBuildPhase;
			buildActionMask = 2147483647;
			files = (
			);
			runOnlyForDeploymentPostprocessing = 0;
		};
/* End PBXFrameworksBuildPhase section */

/* Begin PBXGroup section */
		CB8762F1275E4C5900CC8994 = {
			isa = PBXGroup;
			children = (
				CB8762FC275E4C5900CC8994 /* InformationViewWithRate */,
				CB8762FB275E4C5900CC8994 /* Products */,
			);
			sourceTree = "<group>";
		};
		CB8762FB275E4C5900CC8994 /* Products */ = {
			isa = PBXGroup;
			children = (
				CB8762FA275E4C5900CC8994 /* InformationViewWithRate.app */,
			);
			name = Products;
			sourceTree = "<group>";
		};
		CB8762FC275E4C5900CC8994 /* InformationViewWithRate */ = {
			isa = PBXGroup;
			children = (
				CB876318275E4D7100CC8994 /* Configurations */,
				CB876311275E4CAB00CC8994 /* Assets */,
				CB87631F275E4E6A00CC8994 /* Extensions */,
				CB876320275E4F0100CC8994 /* App */,
				CBAC6FC22767AAD000342297 /* Modules */,
				CBAC70062767AB2500342297 /* UICustomElements */,
				CB87635A275E511B00CC8994 /* Managers */,
			);
			path = InformationViewWithRate;
			sourceTree = "<group>";
		};
		CB876311275E4CAB00CC8994 /* Assets */ = {
			isa = PBXGroup;
			children = (
				CB876306275E4C5C00CC8994 /* Assets.xcassets */,
				CB876312275E4CC000CC8994 /* Fonts */,
				CB87631A275E4DCB00CC8994 /* JSONs */,
			);
			path = Assets;
			sourceTree = "<group>";
		};
		CB876312275E4CC000CC8994 /* Fonts */ = {
			isa = PBXGroup;
			children = (
				CB876319275E4DAE00CC8994 /* OpenSans-Regular.ttf */,
			);
			path = Fonts;
			sourceTree = "<group>";
		};
		CB876318275E4D7100CC8994 /* Configurations */ = {
			isa = PBXGroup;
			children = (
				CB87630B275E4C5C00CC8994 /* Info.plist */,
			);
			path = Configurations;
			sourceTree = "<group>";
		};
		CB87631A275E4DCB00CC8994 /* JSONs */ = {
			isa = PBXGroup;
			children = (
				CBAC6FBB2767AA8B00342297 /* BTInformation.json */,
				CBAC6FBA2767AA8B00342297 /* GetRate.json */,
				CBAC6FB82767AA8B00342297 /* KMInformation.json */,
				CBAC6FB92767AA8B00342297 /* KOInformation.json */,
				CBAC6FBC2767AA8B00342297 /* KVCInformation.json */,
			);
			path = JSONs;
			sourceTree = "<group>";
		};
		CB87631F275E4E6A00CC8994 /* Extensions */ = {
			isa = PBXGroup;
			children = (
				CB87631D275E4E5B00CC8994 /* StringHightExtension.swift */,
			);
			path = Extensions;
			sourceTree = "<group>";
		};
		CB876320275E4F0100CC8994 /* App */ = {
			isa = PBXGroup;
			children = (
				CB876321275E4F2100CC8994 /* UI */,
				CB876324275E4F5700CC8994 /* AppSettings */,
			);
			path = App;
			sourceTree = "<group>";
		};
		CB876321275E4F2100CC8994 /* UI */ = {
			isa = PBXGroup;
			children = (
				CB876308275E4C5C00CC8994 /* LaunchScreen.storyboard */,
				CB876322275E4F3700CC8994 /* ViewController.swift */,
			);
			path = UI;
			sourceTree = "<group>";
		};
		CB876324275E4F5700CC8994 /* AppSettings */ = {
			isa = PBXGroup;
			children = (
				CB8762FD275E4C5900CC8994 /* AppDelegate.swift */,
				CB8762FF275E4C5900CC8994 /* SceneDelegate.swift */,
				CB876325275E4FA800CC8994 /* AppRouter.swift */,
				CB876327275E4FC200CC8994 /* AppViewController.swift */,
				CB876329275E4FD600CC8994 /* SetupAppRouter.swift */,
			);
			path = AppSettings;
			sourceTree = "<group>";
		};
		CB87635A275E511B00CC8994 /* Managers */ = {
			isa = PBXGroup;
			children = (
				CB87635B275E511B00CC8994 /* FetchService */,
			);
			path = Managers;
			sourceTree = "<group>";
		};
		CB87635B275E511B00CC8994 /* FetchService */ = {
			isa = PBXGroup;
			children = (
				CB87635C275E511B00CC8994 /* NetworkService.swift */,
				CB87635D275E511B00CC8994 /* LocalService.swift */,
				CB87635E275E511B00CC8994 /* InformatioDataFetcherService.swift */,
				CB87635F275E511B00CC8994 /* DataFetcher.swift */,
			);
			path = FetchService;
			sourceTree = "<group>";
		};
		CBAC6FC22767AAD000342297 /* Modules */ = {
			isa = PBXGroup;
			children = (
				CBAC6FE82767AAD000342297 /* Plug */,
				CBAC6FC32767AAD000342297 /* InformationRate */,
			);
			path = Modules;
			sourceTree = "<group>";
		};
		CBAC6FC32767AAD000342297 /* InformationRate */ = {
			isa = PBXGroup;
			children = (
				CBAC6FE22767AAD000342297 /* Protocols */,
				CBAC6FCF2767AAD000342297 /* View */,
				CBAC6FE42767AAD000342297 /* Interactor */,
				CBAC6FC42767AAD000342297 /* Presenter */,
				CBAC6FE62767AAD000342297 /* Router */,
				CBAC6FC92767AAD000342297 /* Models */,
			);
			path = InformationRate;
			sourceTree = "<group>";
		};
		CBAC6FC42767AAD000342297 /* Presenter */ = {
			isa = PBXGroup;
			children = (
				CBAC6FC52767AAD000342297 /* InformationRatePresenter.swift */,
				CBAC6FC62767AAD000342297 /* CreateViewFromCells */,
			);
			path = Presenter;
			sourceTree = "<group>";
		};
		CBAC6FC62767AAD000342297 /* CreateViewFromCells */ = {
			isa = PBXGroup;
			children = (
				CBAC6FC72767AAD000342297 /* CreateViewFromCellsInformationRate.swift */,
				CBAC6FC82767AAD000342297 /* CrateInformationRateViewFromCell.swift */,
			);
			path = CreateViewFromCells;
			sourceTree = "<group>";
		};
		CBAC6FC92767AAD000342297 /* Models */ = {
			isa = PBXGroup;
			children = (
				CBAC6FCC2767AAD000342297 /* InformationRateModel.swift */,
				CBAC6FCA2767AAD000342297 /* RateCalculateModel.swift */,
				CBAC6FCB2767AAD000342297 /* NoteModel.swift */,
				CBAC6FCD2767AAD000342297 /* RateModel.swift */,
				CBAC6FCE2767AAD000342297 /* TariffColor.swift */,
			);
			path = Models;
			sourceTree = "<group>";
		};
		CBAC6FCF2767AAD000342297 /* View */ = {
			isa = PBXGroup;
			children = (
				CBAC6FE12767AAD000342297 /* InformationRateTableViewController.swift */,
				CBAC6FDC2767AAD000342297 /* TypesView */,
				CBAC6FD02767AAD000342297 /* Cells */,
			);
			path = View;
			sourceTree = "<group>";
		};
		CBAC6FD02767AAD000342297 /* Cells */ = {
			isa = PBXGroup;
			children = (
				CBAC6FD92767AAD000342297 /* HeaderSelectButtonInformationRateCell.swift */,
				CBAC6FDA2767AAD000342297 /* StaticTextInformationRateView.swift */,
				CBAC6FD42767AAD000342297 /* BulletInformationRateView.swift */,
				CBAC6FD52767AAD000342297 /* TariffView */,
				CBAC6FDB2767AAD000342297 /* HeaderInformationRateView.swift */,
				CBAC6FD22767AAD000342297 /* ButtonRateCell.swift */,
				CBAC6FD12767AAD000342297 /* RateInforamationRateView.swift */,
				CBAC6FD82767AAD000342297 /* BalanceInformationRateView.swift */,
				CBAC6FD32767AAD000342297 /* BackButtonInformationRateView.swift */,
			);
			path = Cells;
			sourceTree = "<group>";
		};
		CBAC6FD52767AAD000342297 /* TariffView */ = {
			isa = PBXGroup;
			children = (
				CBF522CD2767B06800914131 /* TariffCellInfRateView.swift */,
				CBAC6FD72767AAD000342297 /* TariffInformationRateView.swift */,
			);
			path = TariffView;
			sourceTree = "<group>";
		};
		CBAC6FDC2767AAD000342297 /* TypesView */ = {
			isa = PBXGroup;
			children = (
				CBAC6FDD2767AAD000342297 /* ViewType.swift */,
				CBAC6FDE2767AAD000342297 /* CellViewType */,
			);
			path = TypesView;
			sourceTree = "<group>";
		};
		CBAC6FDE2767AAD000342297 /* CellViewType */ = {
			isa = PBXGroup;
			children = (
				CBAC6FDF2767AAD000342297 /* CellViewHeaderType.swift */,
				CBAC6FE02767AAD000342297 /* CellViewType.swift */,
			);
			path = CellViewType;
			sourceTree = "<group>";
		};
		CBAC6FE22767AAD000342297 /* Protocols */ = {
			isa = PBXGroup;
			children = (
				CBAC6FE32767AAD000342297 /* InformationRateInterfaces.swift */,
			);
			path = Protocols;
			sourceTree = "<group>";
		};
		CBAC6FE42767AAD000342297 /* Interactor */ = {
			isa = PBXGroup;
			children = (
				CBAC6FE52767AAD000342297 /* InformationRateInteractor.swift */,
			);
			path = Interactor;
			sourceTree = "<group>";
		};
		CBAC6FE62767AAD000342297 /* Router */ = {
			isa = PBXGroup;
			children = (
				CBAC6FE72767AAD000342297 /* InformationRateRouter.swift */,
			);
			path = Router;
			sourceTree = "<group>";
		};
		CBAC6FE82767AAD000342297 /* Plug */ = {
			isa = PBXGroup;
			children = (
				CBAC6FEA2767AAD000342297 /* ChooseRateRouter.swift */,
			);
			path = Plug;
			sourceTree = "<group>";
		};
		CBAC70062767AB2500342297 /* UICustomElements */ = {
			isa = PBXGroup;
			children = (
				CBAC70072767AB2500342297 /* CustomProgressBar.swift */,
			);
			path = UICustomElements;
			sourceTree = "<group>";
		};
/* End PBXGroup section */

/* Begin PBXNativeTarget section */
		CB8762F9275E4C5900CC8994 /* InformationViewWithRate */ = {
			isa = PBXNativeTarget;
			buildConfigurationList = CB87630E275E4C5C00CC8994 /* Build configuration list for PBXNativeTarget "InformationViewWithRate" */;
			buildPhases = (
				CB8762F6275E4C5900CC8994 /* Sources */,
				CB8762F7275E4C5900CC8994 /* Frameworks */,
				CB8762F8275E4C5900CC8994 /* Resources */,
			);
			buildRules = (
			);
			dependencies = (
			);
			name = InformationViewWithRate;
			productName = InformationViewWithRate;
			productReference = CB8762FA275E4C5900CC8994 /* InformationViewWithRate.app */;
			productType = "com.apple.product-type.application";
		};
/* End PBXNativeTarget section */

/* Begin PBXProject section */
		CB8762F2275E4C5900CC8994 /* Project object */ = {
			isa = PBXProject;
			attributes = {
				BuildIndependentTargetsInParallel = 1;
				LastSwiftUpdateCheck = 1300;
				LastUpgradeCheck = 1300;
				TargetAttributes = {
					CB8762F9275E4C5900CC8994 = {
						CreatedOnToolsVersion = 13.0;
					};
				};
			};
			buildConfigurationList = CB8762F5275E4C5900CC8994 /* Build configuration list for PBXProject "InformationViewWithRate" */;
			compatibilityVersion = "Xcode 13.0";
			developmentRegion = en;
			hasScannedForEncodings = 0;
			knownRegions = (
				en,
				Base,
			);
			mainGroup = CB8762F1275E4C5900CC8994;
			productRefGroup = CB8762FB275E4C5900CC8994 /* Products */;
			projectDirPath = "";
			projectRoot = "";
			targets = (
				CB8762F9275E4C5900CC8994 /* InformationViewWithRate */,
			);
		};
/* End PBXProject section */

/* Begin PBXResourcesBuildPhase section */
		CB8762F8275E4C5900CC8994 /* Resources */ = {
			isa = PBXResourcesBuildPhase;
			buildActionMask = 2147483647;
			files = (
				CBAC6FC02767AA8B00342297 /* BTInformation.json in Resources */,
				CBAC6FBF2767AA8B00342297 /* GetRate.json in Resources */,
				CBAC6FBD2767AA8B00342297 /* KMInformation.json in Resources */,
				CB87630A275E4C5C00CC8994 /* LaunchScreen.storyboard in Resources */,
				CBAC6FBE2767AA8B00342297 /* KOInformation.json in Resources */,
				CB876307275E4C5C00CC8994 /* Assets.xcassets in Resources */,
				CBAC6FC12767AA8B00342297 /* KVCInformation.json in Resources */,
			);
			runOnlyForDeploymentPostprocessing = 0;
		};
/* End PBXResourcesBuildPhase section */

/* Begin PBXSourcesBuildPhase section */
		CB8762F6275E4C5900CC8994 /* Sources */ = {
			isa = PBXSourcesBuildPhase;
			buildActionMask = 2147483647;
			files = (
				CBAC700A2767ACCF00342297 /* TariffInformationRateView.swift in Sources */,
				CBAC6FF92767AAD000342297 /* BalanceInformationRateView.swift in Sources */,
				CBAC6FEC2767AAD000342297 /* CreateViewFromCellsInformationRate.swift in Sources */,
				CBAC6FF12767AAD000342297 /* RateModel.swift in Sources */,
				CBAC70022767AAD000342297 /* InformationRateInteractor.swift in Sources */,
				CBAC6FF42767AAD000342297 /* ButtonRateCell.swift in Sources */,
				CBAC70002767AAD000342297 /* InformationRateTableViewController.swift in Sources */,
				CBAC6FFB2767AAD000342297 /* StaticTextInformationRateView.swift in Sources */,
				CBAC6FEF2767AAD000342297 /* NoteModel.swift in Sources */,
				CBAC6FF32767AAD000342297 /* RateInforamationRateView.swift in Sources */,
				CBAC70012767AAD000342297 /* InformationRateInterfaces.swift in Sources */,
				CB876328275E4FC200CC8994 /* AppViewController.swift in Sources */,
				CBF522CE2767B06800914131 /* TariffCellInfRateView.swift in Sources */,
				CBAC70082767AB2500342297 /* CustomProgressBar.swift in Sources */,
				CB87632A275E4FD600CC8994 /* SetupAppRouter.swift in Sources */,
				CBAC6FFF2767AAD000342297 /* CellViewType.swift in Sources */,
				CBAC6FFA2767AAD000342297 /* HeaderSelectButtonInformationRateCell.swift in Sources */,
				CBAC6FED2767AAD000342297 /* CrateInformationRateViewFromCell.swift in Sources */,
				CBAC6FFD2767AAD000342297 /* ViewType.swift in Sources */,
				CB876361275E511B00CC8994 /* LocalService.swift in Sources */,
				CBAC6FFC2767AAD000342297 /* HeaderInformationRateView.swift in Sources */,
				CBAC6FEB2767AAD000342297 /* InformationRatePresenter.swift in Sources */,
				CB8762FE275E4C5900CC8994 /* AppDelegate.swift in Sources */,
				CB876362275E511B00CC8994 /* InformatioDataFetcherService.swift in Sources */,
				CB876300275E4C5900CC8994 /* SceneDelegate.swift in Sources */,
				CBAC6FF62767AAD000342297 /* BulletInformationRateView.swift in Sources */,
				CBAC6FF22767AAD000342297 /* TariffColor.swift in Sources */,
				CB876323275E4F3700CC8994 /* ViewController.swift in Sources */,
				CB876326275E4FA800CC8994 /* AppRouter.swift in Sources */,
				CB87631E275E4E5B00CC8994 /* StringHightExtension.swift in Sources */,
				CB876363275E511B00CC8994 /* DataFetcher.swift in Sources */,
				CBAC70032767AAD000342297 /* InformationRateRouter.swift in Sources */,
				CBAC6FF52767AAD000342297 /* BackButtonInformationRateView.swift in Sources */,
				CBAC6FEE2767AAD000342297 /* RateCalculateModel.swift in Sources */,
				CBAC6FF02767AAD000342297 /* InformationRateModel.swift in Sources */,
				CBAC70052767AAD000342297 /* ChooseRateRouter.swift in Sources */,
				CBAC6FFE2767AAD000342297 /* CellViewHeaderType.swift in Sources */,
				CB876360275E511B00CC8994 /* NetworkService.swift in Sources */,
			);
			runOnlyForDeploymentPostprocessing = 0;
		};
/* End PBXSourcesBuildPhase section */

/* Begin PBXVariantGroup section */
		CB876308275E4C5C00CC8994 /* LaunchScreen.storyboard */ = {
			isa = PBXVariantGroup;
			children = (
				CB876309275E4C5C00CC8994 /* Base */,
			);
			name = LaunchScreen.storyboard;
			sourceTree = "<group>";
		};
/* End PBXVariantGroup section */

/* Begin XCBuildConfiguration section */
		CB87630C275E4C5C00CC8994 /* Debug */ = {
			isa = XCBuildConfiguration;
			buildSettings = {
				ALWAYS_SEARCH_USER_PATHS = NO;
				CLANG_ANALYZER_NONNULL = YES;
				CLANG_ANALYZER_NUMBER_OBJECT_CONVERSION = YES_AGGRESSIVE;
				CLANG_CXX_LANGUAGE_STANDARD = "gnu++17";
				CLANG_CXX_LIBRARY = "libc++";
				CLANG_ENABLE_MODULES = YES;
				CLANG_ENABLE_OBJC_ARC = YES;
				CLANG_ENABLE_OBJC_WEAK = YES;
				CLANG_WARN_BLOCK_CAPTURE_AUTORELEASING = YES;
				CLANG_WARN_BOOL_CONVERSION = YES;
				CLANG_WARN_COMMA = YES;
				CLANG_WARN_CONSTANT_CONVERSION = YES;
				CLANG_WARN_DEPRECATED_OBJC_IMPLEMENTATIONS = YES;
				CLANG_WARN_DIRECT_OBJC_ISA_USAGE = YES_ERROR;
				CLANG_WARN_DOCUMENTATION_COMMENTS = YES;
				CLANG_WARN_EMPTY_BODY = YES;
				CLANG_WARN_ENUM_CONVERSION = YES;
				CLANG_WARN_INFINITE_RECURSION = YES;
				CLANG_WARN_INT_CONVERSION = YES;
				CLANG_WARN_NON_LITERAL_NULL_CONVERSION = YES;
				CLANG_WARN_OBJC_IMPLICIT_RETAIN_SELF = YES;
				CLANG_WARN_OBJC_LITERAL_CONVERSION = YES;
				CLANG_WARN_OBJC_ROOT_CLASS = YES_ERROR;
				CLANG_WARN_QUOTED_INCLUDE_IN_FRAMEWORK_HEADER = YES;
				CLANG_WARN_RANGE_LOOP_ANALYSIS = YES;
				CLANG_WARN_STRICT_PROTOTYPES = YES;
				CLANG_WARN_SUSPICIOUS_MOVE = YES;
				CLANG_WARN_UNGUARDED_AVAILABILITY = YES_AGGRESSIVE;
				CLANG_WARN_UNREACHABLE_CODE = YES;
				CLANG_WARN__DUPLICATE_METHOD_MATCH = YES;
				COPY_PHASE_STRIP = NO;
				DEBUG_INFORMATION_FORMAT = dwarf;
				ENABLE_STRICT_OBJC_MSGSEND = YES;
				ENABLE_TESTABILITY = YES;
				GCC_C_LANGUAGE_STANDARD = gnu11;
				GCC_DYNAMIC_NO_PIC = NO;
				GCC_NO_COMMON_BLOCKS = YES;
				GCC_OPTIMIZATION_LEVEL = 0;
				GCC_PREPROCESSOR_DEFINITIONS = (
					"DEBUG=1",
					"$(inherited)",
				);
				GCC_WARN_64_TO_32_BIT_CONVERSION = YES;
				GCC_WARN_ABOUT_RETURN_TYPE = YES_ERROR;
				GCC_WARN_UNDECLARED_SELECTOR = YES;
				GCC_WARN_UNINITIALIZED_AUTOS = YES_AGGRESSIVE;
				GCC_WARN_UNUSED_FUNCTION = YES;
				GCC_WARN_UNUSED_VARIABLE = YES;
				IPHONEOS_DEPLOYMENT_TARGET = 12.0;
				MTL_ENABLE_DEBUG_INFO = INCLUDE_SOURCE;
				MTL_FAST_MATH = YES;
				ONLY_ACTIVE_ARCH = YES;
				SDKROOT = iphoneos;
				SWIFT_ACTIVE_COMPILATION_CONDITIONS = DEBUG;
				SWIFT_OPTIMIZATION_LEVEL = "-Onone";
			};
			name = Debug;
		};
		CB87630D275E4C5C00CC8994 /* Release */ = {
			isa = XCBuildConfiguration;
			buildSettings = {
				ALWAYS_SEARCH_USER_PATHS = NO;
				CLANG_ANALYZER_NONNULL = YES;
				CLANG_ANALYZER_NUMBER_OBJECT_CONVERSION = YES_AGGRESSIVE;
				CLANG_CXX_LANGUAGE_STANDARD = "gnu++17";
				CLANG_CXX_LIBRARY = "libc++";
				CLANG_ENABLE_MODULES = YES;
				CLANG_ENABLE_OBJC_ARC = YES;
				CLANG_ENABLE_OBJC_WEAK = YES;
				CLANG_WARN_BLOCK_CAPTURE_AUTORELEASING = YES;
				CLANG_WARN_BOOL_CONVERSION = YES;
				CLANG_WARN_COMMA = YES;
				CLANG_WARN_CONSTANT_CONVERSION = YES;
				CLANG_WARN_DEPRECATED_OBJC_IMPLEMENTATIONS = YES;
				CLANG_WARN_DIRECT_OBJC_ISA_USAGE = YES_ERROR;
				CLANG_WARN_DOCUMENTATION_COMMENTS = YES;
				CLANG_WARN_EMPTY_BODY = YES;
				CLANG_WARN_ENUM_CONVERSION = YES;
				CLANG_WARN_INFINITE_RECURSION = YES;
				CLANG_WARN_INT_CONVERSION = YES;
				CLANG_WARN_NON_LITERAL_NULL_CONVERSION = YES;
				CLANG_WARN_OBJC_IMPLICIT_RETAIN_SELF = YES;
				CLANG_WARN_OBJC_LITERAL_CONVERSION = YES;
				CLANG_WARN_OBJC_ROOT_CLASS = YES_ERROR;
				CLANG_WARN_QUOTED_INCLUDE_IN_FRAMEWORK_HEADER = YES;
				CLANG_WARN_RANGE_LOOP_ANALYSIS = YES;
				CLANG_WARN_STRICT_PROTOTYPES = YES;
				CLANG_WARN_SUSPICIOUS_MOVE = YES;
				CLANG_WARN_UNGUARDED_AVAILABILITY = YES_AGGRESSIVE;
				CLANG_WARN_UNREACHABLE_CODE = YES;
				CLANG_WARN__DUPLICATE_METHOD_MATCH = YES;
				COPY_PHASE_STRIP = NO;
				DEBUG_INFORMATION_FORMAT = "dwarf-with-dsym";
				ENABLE_NS_ASSERTIONS = NO;
				ENABLE_STRICT_OBJC_MSGSEND = YES;
				GCC_C_LANGUAGE_STANDARD = gnu11;
				GCC_NO_COMMON_BLOCKS = YES;
				GCC_WARN_64_TO_32_BIT_CONVERSION = YES;
				GCC_WARN_ABOUT_RETURN_TYPE = YES_ERROR;
				GCC_WARN_UNDECLARED_SELECTOR = YES;
				GCC_WARN_UNINITIALIZED_AUTOS = YES_AGGRESSIVE;
				GCC_WARN_UNUSED_FUNCTION = YES;
				GCC_WARN_UNUSED_VARIABLE = YES;
				IPHONEOS_DEPLOYMENT_TARGET = 12.0;
				MTL_ENABLE_DEBUG_INFO = NO;
				MTL_FAST_MATH = YES;
				SDKROOT = iphoneos;
				SWIFT_COMPILATION_MODE = wholemodule;
				SWIFT_OPTIMIZATION_LEVEL = "-O";
				VALIDATE_PRODUCT = YES;
			};
			name = Release;
		};
		CB87630F275E4C5C00CC8994 /* Debug */ = {
			isa = XCBuildConfiguration;
			buildSettings = {
				ASSETCATALOG_COMPILER_APPICON_NAME = AppIcon;
				ASSETCATALOG_COMPILER_GLOBAL_ACCENT_COLOR_NAME = AccentColor;
				CODE_SIGN_STYLE = Automatic;
				CURRENT_PROJECT_VERSION = 1;
				DEVELOPMENT_TEAM = 3Y4YT75U8C;
				GENERATE_INFOPLIST_FILE = YES;
				INFOPLIST_FILE = InformationViewWithRate/Configurations/Info.plist;
				INFOPLIST_KEY_UIApplicationSupportsIndirectInputEvents = YES;
				INFOPLIST_KEY_UILaunchStoryboardName = LaunchScreen;
				INFOPLIST_KEY_UISupportedInterfaceOrientations = UIInterfaceOrientationPortrait;
				INFOPLIST_KEY_UISupportedInterfaceOrientations_iPad = "UIInterfaceOrientationPortrait UIInterfaceOrientationPortraitUpsideDown UIInterfaceOrientationLandscapeLeft UIInterfaceOrientationLandscapeRight";
				INFOPLIST_KEY_UISupportedInterfaceOrientations_iPhone = "UIInterfaceOrientationPortrait UIInterfaceOrientationLandscapeLeft UIInterfaceOrientationLandscapeRight";
				LD_RUNPATH_SEARCH_PATHS = (
					"$(inherited)",
					"@executable_path/Frameworks",
				);
				MARKETING_VERSION = 1.0;
				PRODUCT_BUNDLE_IDENTIFIER = Roman.InformationViewWithRate;
				PRODUCT_NAME = "$(TARGET_NAME)";
				SWIFT_EMIT_LOC_STRINGS = YES;
				SWIFT_VERSION = 5.0;
				TARGETED_DEVICE_FAMILY = 1;
			};
			name = Debug;
		};
		CB876310275E4C5C00CC8994 /* Release */ = {
			isa = XCBuildConfiguration;
			buildSettings = {
				ASSETCATALOG_COMPILER_APPICON_NAME = AppIcon;
				ASSETCATALOG_COMPILER_GLOBAL_ACCENT_COLOR_NAME = AccentColor;
				CODE_SIGN_STYLE = Automatic;
				CURRENT_PROJECT_VERSION = 1;
				DEVELOPMENT_TEAM = 3Y4YT75U8C;
				GENERATE_INFOPLIST_FILE = YES;
				INFOPLIST_FILE = InformationViewWithRate/Configurations/Info.plist;
				INFOPLIST_KEY_UIApplicationSupportsIndirectInputEvents = YES;
				INFOPLIST_KEY_UILaunchStoryboardName = LaunchScreen;
				INFOPLIST_KEY_UISupportedInterfaceOrientations = UIInterfaceOrientationPortrait;
				INFOPLIST_KEY_UISupportedInterfaceOrientations_iPad = "UIInterfaceOrientationPortrait UIInterfaceOrientationPortraitUpsideDown UIInterfaceOrientationLandscapeLeft UIInterfaceOrientationLandscapeRight";
				INFOPLIST_KEY_UISupportedInterfaceOrientations_iPhone = "UIInterfaceOrientationPortrait UIInterfaceOrientationLandscapeLeft UIInterfaceOrientationLandscapeRight";
				LD_RUNPATH_SEARCH_PATHS = (
					"$(inherited)",
					"@executable_path/Frameworks",
				);
				MARKETING_VERSION = 1.0;
				PRODUCT_BUNDLE_IDENTIFIER = Roman.InformationViewWithRate;
				PRODUCT_NAME = "$(TARGET_NAME)";
				SWIFT_EMIT_LOC_STRINGS = YES;
				SWIFT_VERSION = 5.0;
				TARGETED_DEVICE_FAMILY = 1;
			};
			name = Release;
		};
/* End XCBuildConfiguration section */

/* Begin XCConfigurationList section */
		CB8762F5275E4C5900CC8994 /* Build configuration list for PBXProject "InformationViewWithRate" */ = {
			isa = XCConfigurationList;
			buildConfigurations = (
				CB87630C275E4C5C00CC8994 /* Debug */,
				CB87630D275E4C5C00CC8994 /* Release */,
			);
			defaultConfigurationIsVisible = 0;
			defaultConfigurationName = Release;
		};
		CB87630E275E4C5C00CC8994 /* Build configuration list for PBXNativeTarget "InformationViewWithRate" */ = {
			isa = XCConfigurationList;
			buildConfigurations = (
				CB87630F275E4C5C00CC8994 /* Debug */,
				CB876310275E4C5C00CC8994 /* Release */,
			);
			defaultConfigurationIsVisible = 0;
			defaultConfigurationName = Release;
		};
/* End XCConfigurationList section */
	};
	rootObject = CB8762F2275E4C5900CC8994 /* Project object */;
}
